
Microsoft Visual Studio Solution File, Format Version 12.00
# Visual Studio Version 17
VisualStudioVersion = 17.2.32616.157
MinimumVisualStudioVersion = 10.0.40219.1
Project("{9A19103F-16F7-4668-BE54-9A1E7A4F7556}") = "ERP.Api", "src\ERP.Api\ERP.Api.csproj", "{84AAA2F5-4256-4314-9549-FAE9BE287F1C}"
EndProject
Project("{FAE04EC0-301F-11D3-BF4B-00C04F79EFBC}") = "ERP.Business", "src\ERP.Business\ERP.Business.csproj", "{C9895471-2F65-4508-90D4-BB9AB7E6736B}"
EndProject
Project("{FAE04EC0-301F-11D3-BF4B-00C04F79EFBC}") = "ERP.Data", "src\ERP.Data\ERP.Data.csproj", "{D0AEC6F1-190E-4915-BC8C-30E7F96C5B28}"
EndProject
Global
	GlobalSection(SolutionConfigurationPlatforms) = preSolution
		Debug|Any CPU = Debug|Any CPU
		Release|Any CPU = Release|Any CPU
	EndGlobalSection
	GlobalSection(ProjectConfigurationPlatforms) = postSolution
		{84AAA2F5-4256-4314-9549-FAE9BE287F1C}.Debug|Any CPU.ActiveCfg = Debug|Any CPU
		{84AAA2F5-4256-4314-9549-FAE9BE287F1C}.Debug|Any CPU.Build.0 = Debug|Any CPU
		{84AAA2F5-4256-4314-9549-FAE9BE287F1C}.Release|Any CPU.ActiveCfg = Release|Any CPU
		{84AAA2F5-4256-4314-9549-FAE9BE287F1C}.Release|Any CPU.Build.0 = Release|Any CPU
		{C9895471-2F65-4508-90D4-BB9AB7E6736B}.Debug|Any CPU.ActiveCfg = Debug|Any CPU
		{C9895471-2F65-4508-90D4-BB9AB7E6736B}.Debug|Any CPU.Build.0 = Debug|Any CPU
		{C9895471-2F65-4508-90D4-BB9AB7E6736B}.Release|Any CPU.ActiveCfg = Release|Any CPU
		{C9895471-2F65-4508-90D4-BB9AB7E6736B}.Release|Any CPU.Build.0 = Release|Any CPU
		{D0AEC6F1-190E-4915-BC8C-30E7F96C5B28}.Debug|Any CPU.ActiveCfg = Debug|Any CPU
		{D0AEC6F1-190E-4915-BC8C-30E7F96C5B28}.Debug|Any CPU.Build.0 = Debug|Any CPU
		{D0AEC6F1-190E-4915-BC8C-30E7F96C5B28}.Release|Any CPU.ActiveCfg = Release|Any CPU
		{D0AEC6F1-190E-4915-BC8C-30E7F96C5B28}.Release|Any CPU.Build.0 = Release|Any CPU
	EndGlobalSection
	GlobalSection(SolutionProperties) = preSolution
		HideSolutionNode = FALSE
	EndGlobalSection
	GlobalSection(ExtensibilityGlobals) = postSolution
		SolutionGuid = {B5799DD5-17D2-409B-B999-3E9A74ECA058}
	EndGlobalSection
EndGlobal
